{
  "nodes": {
    "home-manager": {
      "inputs": {
        "nixpkgs": [
          "nixpkgs"
        ]
      },
      "locked": {
        "lastModified": 1770263241,
        "narHash": "sha256-R1WFtIvp38hS9x63dnijdJw1KyIiy30KGea6e6N7LHs=",
        "owner": "nix-community",
        "repo": "home-manager",
        "rev": "04e5203db66417d548ae1ff188a9f591836dfaa7",
        "type": "github"
      },
      "original": {
        "owner": "nix-community",
        "repo": "home-manager",
        "type": "github"
      }
    },
    "nixos-hardware": {
      "locked": {
        "lastModified": 1769302137,
        "narHash": "sha256-QEDtctEkOsbx8nlFh4yqPEOtr4tif6KTqWwJ37IM2ds=",
        "owner": "NixOS",
        "repo": "nixos-hardware",
        "rev": "a351494b0e35fd7c0b7a1aae82f0afddf4907aa8",
        "type": "github"
      },
      "original": {
        "owner": "NixOS",
        "ref": "master",
        "repo": "nixos-hardware",
        "type": "github"
      }
    },
    "nixpkgs": {
      "locked": {
        "lastModified": 1770181073,
        "narHash": "sha256-ksTL7P9QC1WfZasNlaAdLOzqD8x5EPyods69YBqxSfk=",
        "owner": "nixos",
        "repo": "nixpkgs",
        "rev": "bf922a59c5c9998a6584645f7d0de689512e444c",
        "type": "github"
      },
      "original": {
        "owner": "nixos",
        "ref": "nixos-unstable",
        "repo": "nixpkgs",
        "type": "github"
      }
    },
    "noctalia": {
      "inputs": {
        "nixpkgs": [
          "nixpkgs"
        ]
      },
      "locked": {
        "lastModified": 1770261721,
        "narHash": "sha256-4btMbIjiqve7xruyllbz0a1UakONPgPKmpjK+Y2Nm6w=",
        "owner": "noctalia-dev",
        "repo": "noctalia-shell",
        "rev": "c6759fb9f4b2fa451707dad26a2501b1c2280c64",
        "type": "github"
      },
      "original": {
        "owner": "noctalia-dev",
        "repo": "noctalia-shell",
        "type": "github"
      }
    },
    "root": {
      "inputs": {
        "home-manager": "home-manager",
        "nixos-hardware": "nixos-hardware",
        "nixpkgs": "nixpkgs",
        "noctalia": "noctalia",
        "wallpapers": "wallpapers",
        "zen-browser": "zen-browser"
      }
    },
    "wallpapers": {
      "flake": false,
      "locked": {
        "lastModified": 1750111143,
        "narHash": "sha256-rtno0iDuCmDoxlBkWQHPOHc21vEQM42fs1bQ2FxouNo=",
        "ref": "refs/heads/master",
        "rev": "7b9a7511705ecd7f055fb007c467a2a66f612ca3",
        "revCount": 52,
        "type": "git",
        "url": "https://codeberg.org/exorcist/wallpapers.git"
      },
      "original": {
        "type": "git",
        "url": "https://codeberg.org/exorcist/wallpapers.git"
      }
    },
    "zen-browser": {
      "inputs": {
        "nixpkgs": [
          "nixpkgs"
        ]
      },
      "locked": {
        "lastModified": 1770266156,
        "narHash": "sha256-vaoCK5o0y8rjBytkzy2E4ccsiWQnzmYXI0FF40co+eM=",
        "owner": "youwen5",
        "repo": "zen-browser-flake",
        "rev": "60d34d6ff2bcf20487035897c36917d7222afc11",
        "type": "github"
      },
      "original": {
        "owner": "youwen5",
        "repo": "zen-browser-flake",
        "type": "github"
      }
    }
  },
  "root": "root",
  "version": 7
}
